{
  "name": "share-links",
  "version": "1.0.0",
  "lockfileVersion": 3,
  "requires": true,
  "packages": {
    "": {
      "name": "share-links",
      "version": "1.0.0",
      "license": "ISC",
      "dependencies": {
        "attest-client": "^2.0.0"
      }
    },
    "node_modules/attest-client": {
      "version": "2.0.0",
      "resolved": "https://registry.npmjs.org/attest-client/-/attest-client-2.0.0.tgz",
      "integrity": "sha512-P55dEe4CDUsFHh/mXo4KPJtVbWj6ZK581UO6TW83byboenlAmhz8at9hVEeClK7iFHbYhGlVl0QY24LokHB16g==",
      "license": "MIT",
      "bin": {
        "attest": "cli.js"
      },
      "engines": {
        "node": ">=18"
      }
    }
  }
}
